
Microsoft Visual Studio Solution File, Format Version 12.00
# Visual Studio 15
VisualStudioVersion = 15.0.28307.572
MinimumVisualStudioVersion = 10.0.40219.1
Project("{FAE04EC0-301F-11D3-BF4B-00C04F79EFBC}") = "JBX.WebFormApp", "JBX.WebFormApp\JBX.WebFormApp.csproj", "{E316607A-12B8-4C6E-84BE-62F47642CE44}"
EndProject
Project("{2150E333-8FDC-42A3-9474-1A3956D46DE8}") = "Presentation", "Presentation", "{34EC55DF-62B5-425B-BC3A-2098E39FA424}"
EndProject
Project("{2150E333-8FDC-42A3-9474-1A3956D46DE8}") = "Infrastructure", "Infrastructure", "{8E9A53DE-296E-4C04-BBAE-C36FEEB983F5}"
EndProject
Project("{2150E333-8FDC-42A3-9474-1A3956D46DE8}") = "Core", "Core", "{DF770A58-D6C2-42A4-923B-CE45FCB5D5C9}"
EndProject
Project("{FAE04EC0-301F-11D3-BF4B-00C04F79EFBC}") = "JBX.Application", "JBX.Application\JBX.Application.csproj", "{7AFA76E3-301B-44AB-9ED4-4E8C2A2043BF}"
EndProject
Project("{FAE04EC0-301F-11D3-BF4B-00C04F79EFBC}") = "JBX.Domain", "JBX.Domain\JBX.Domain.csproj", "{1BBDFEDE-19B9-4D30-8924-F15636227C60}"
EndProject
Project("{FAE04EC0-301F-11D3-BF4B-00C04F79EFBC}") = "JBX.Writer", "JBX.Writer\JBX.Writer.csproj", "{14E06027-9D0A-4176-99C6-72BE094CDB26}"
EndProject
Project("{2150E333-8FDC-42A3-9474-1A3956D46DE8}") = "Data", "Data", "{0E1C3536-2B8C-43A7-89AA-9EB32F698D5E}"
EndProject
Project("{FAE04EC0-301F-11D3-BF4B-00C04F79EFBC}") = "JBX.Reader", "JBX.Reader\JBX.Reader.csproj", "{1E9A0190-9640-416E-9800-146D8DFC365A}"
EndProject
Project("{2150E333-8FDC-42A3-9474-1A3956D46DE8}") = "Write", "Write", "{304FEC70-00C3-4C5D-84BD-495A6E219EA0}"
EndProject
Project("{FAE04EC0-301F-11D3-BF4B-00C04F79EFBC}") = "JBX.EF", "JBX.EF\JBX.EF.csproj", "{B3CBBE15-2A9E-4766-9479-37A66DF7615B}"
EndProject
Project("{2150E333-8FDC-42A3-9474-1A3956D46DE8}") = "Read", "Read", "{459AD481-D7B6-472E-AC96-ABA3062142E2}"
EndProject
Project("{FAE04EC0-301F-11D3-BF4B-00C04F79EFBC}") = "JBX.DataModel", "JBX.DataModel\JBX.DataModel.csproj", "{7ECDEA51-0BBC-429F-8C98-B21E45485ACA}"
EndProject
Project("{FAE04EC0-301F-11D3-BF4B-00C04F79EFBC}") = "JBX.WebFormsWithAuth", "JBX.WebFormsWithAuth\JBX.WebFormsWithAuth.csproj", "{7DA44184-AD4A-4343-BA35-09B8C9949E55}"
EndProject
Project("{FAE04EC0-301F-11D3-BF4B-00C04F79EFBC}") = "JBX.WebApi", "JBX.WebApi\JBX.WebApi.csproj", "{269974C7-1D4C-414F-923F-F93695F8CDEC}"
EndProject
Project("{9A19103F-16F7-4668-BE54-9A1E7A4F7556}") = "JBX.WebApiCore", "JBX.WebApiCore\JBX.WebApiCore.csproj", "{A3AED689-9CC7-4E9D-BB4B-2F9A88083F95}"
EndProject
Project("{2150E333-8FDC-42A3-9474-1A3956D46DE8}") = "Messaging", "Messaging", "{22F6D2CF-004F-4BDA-BCC2-3120CF03DB46}"
EndProject
Project("{FAE04EC0-301F-11D3-BF4B-00C04F79EFBC}") = "JBX.TwilioClient", "JBX.TwilioClient\JBX.TwilioClient.csproj", "{8C37BCA5-2C43-4BA1-8794-A0558D20FC01}"
EndProject
Project("{FAE04EC0-301F-11D3-BF4B-00C04F79EFBC}") = "JBX.SendGrid", "JBX.SendGrid\JBX.SendGrid.csproj", "{1401F578-79D4-414F-96FA-FBCE07D773F4}"
EndProject
Project("{2150E333-8FDC-42A3-9474-1A3956D46DE8}") = "Authentication", "Authentication", "{A03D388B-F879-42BC-9181-EAAE0F913C99}"
EndProject
Project("{FAE04EC0-301F-11D3-BF4B-00C04F79EFBC}") = "JBX.Auth0Client", "JBX.Auth0Client\JBX.Auth0Client.csproj", "{1ECC79E5-FFE7-4E1C-9C4C-4C5E5909241B}"
EndProject
Project("{2150E333-8FDC-42A3-9474-1A3956D46DE8}") = "Social", "Social", "{014AFDAE-B278-4764-8F9A-0B70CC20E13D}"
EndProject
Project("{FAE04EC0-301F-11D3-BF4B-00C04F79EFBC}") = "JBX.FacebookClient", "JBX.FacebookClient\JBX.FacebookClient.csproj", "{C32A2F21-AA0D-46C1-BDB7-3D972201CC9D}"
EndProject
Project("{FAE04EC0-301F-11D3-BF4B-00C04F79EFBC}") = "JBX.GithubClient", "JBX.GithubClient\JBX.GithubClient.csproj", "{B1F6329C-39E4-4579-913B-F93063E51FBB}"
EndProject
Global
	GlobalSection(SolutionConfigurationPlatforms) = preSolution
		Debug|Any CPU = Debug|Any CPU
		Release|Any CPU = Release|Any CPU
	EndGlobalSection
	GlobalSection(ProjectConfigurationPlatforms) = postSolution
		{E316607A-12B8-4C6E-84BE-62F47642CE44}.Debug|Any CPU.ActiveCfg = Debug|Any CPU
		{E316607A-12B8-4C6E-84BE-62F47642CE44}.Debug|Any CPU.Build.0 = Debug|Any CPU
		{E316607A-12B8-4C6E-84BE-62F47642CE44}.Release|Any CPU.ActiveCfg = Release|Any CPU
		{E316607A-12B8-4C6E-84BE-62F47642CE44}.Release|Any CPU.Build.0 = Release|Any CPU
		{7AFA76E3-301B-44AB-9ED4-4E8C2A2043BF}.Debug|Any CPU.ActiveCfg = Debug|Any CPU
		{7AFA76E3-301B-44AB-9ED4-4E8C2A2043BF}.Debug|Any CPU.Build.0 = Debug|Any CPU
		{7AFA76E3-301B-44AB-9ED4-4E8C2A2043BF}.Release|Any CPU.ActiveCfg = Release|Any CPU
		{7AFA76E3-301B-44AB-9ED4-4E8C2A2043BF}.Release|Any CPU.Build.0 = Release|Any CPU
		{1BBDFEDE-19B9-4D30-8924-F15636227C60}.Debug|Any CPU.ActiveCfg = Debug|Any CPU
		{1BBDFEDE-19B9-4D30-8924-F15636227C60}.Debug|Any CPU.Build.0 = Debug|Any CPU
		{1BBDFEDE-19B9-4D30-8924-F15636227C60}.Release|Any CPU.ActiveCfg = Release|Any CPU
		{1BBDFEDE-19B9-4D30-8924-F15636227C60}.Release|Any CPU.Build.0 = Release|Any CPU
		{14E06027-9D0A-4176-99C6-72BE094CDB26}.Debug|Any CPU.ActiveCfg = Debug|Any CPU
		{14E06027-9D0A-4176-99C6-72BE094CDB26}.Debug|Any CPU.Build.0 = Debug|Any CPU
		{14E06027-9D0A-4176-99C6-72BE094CDB26}.Release|Any CPU.ActiveCfg = Release|Any CPU
		{14E06027-9D0A-4176-99C6-72BE094CDB26}.Release|Any CPU.Build.0 = Release|Any CPU
		{1E9A0190-9640-416E-9800-146D8DFC365A}.Debug|Any CPU.ActiveCfg = Debug|Any CPU
		{1E9A0190-9640-416E-9800-146D8DFC365A}.Debug|Any CPU.Build.0 = Debug|Any CPU
		{1E9A0190-9640-416E-9800-146D8DFC365A}.Release|Any CPU.ActiveCfg = Release|Any CPU
		{1E9A0190-9640-416E-9800-146D8DFC365A}.Release|Any CPU.Build.0 = Release|Any CPU
		{B3CBBE15-2A9E-4766-9479-37A66DF7615B}.Debug|Any CPU.ActiveCfg = Debug|Any CPU
		{B3CBBE15-2A9E-4766-9479-37A66DF7615B}.Debug|Any CPU.Build.0 = Debug|Any CPU
		{B3CBBE15-2A9E-4766-9479-37A66DF7615B}.Release|Any CPU.ActiveCfg = Release|Any CPU
		{B3CBBE15-2A9E-4766-9479-37A66DF7615B}.Release|Any CPU.Build.0 = Release|Any CPU
		{7ECDEA51-0BBC-429F-8C98-B21E45485ACA}.Debug|Any CPU.ActiveCfg = Debug|Any CPU
		{7ECDEA51-0BBC-429F-8C98-B21E45485ACA}.Debug|Any CPU.Build.0 = Debug|Any CPU
		{7ECDEA51-0BBC-429F-8C98-B21E45485ACA}.Release|Any CPU.ActiveCfg = Release|Any CPU
		{7ECDEA51-0BBC-429F-8C98-B21E45485ACA}.Release|Any CPU.Build.0 = Release|Any CPU
		{7DA44184-AD4A-4343-BA35-09B8C9949E55}.Debug|Any CPU.ActiveCfg = Debug|Any CPU
		{7DA44184-AD4A-4343-BA35-09B8C9949E55}.Debug|Any CPU.Build.0 = Debug|Any CPU
		{7DA44184-AD4A-4343-BA35-09B8C9949E55}.Release|Any CPU.ActiveCfg = Release|Any CPU
		{7DA44184-AD4A-4343-BA35-09B8C9949E55}.Release|Any CPU.Build.0 = Release|Any CPU
		{269974C7-1D4C-414F-923F-F93695F8CDEC}.Debug|Any CPU.ActiveCfg = Debug|Any CPU
		{269974C7-1D4C-414F-923F-F93695F8CDEC}.Debug|Any CPU.Build.0 = Debug|Any CPU
		{269974C7-1D4C-414F-923F-F93695F8CDEC}.Release|Any CPU.ActiveCfg = Release|Any CPU
		{269974C7-1D4C-414F-923F-F93695F8CDEC}.Release|Any CPU.Build.0 = Release|Any CPU
		{A3AED689-9CC7-4E9D-BB4B-2F9A88083F95}.Debug|Any CPU.ActiveCfg = Debug|Any CPU
		{A3AED689-9CC7-4E9D-BB4B-2F9A88083F95}.Debug|Any CPU.Build.0 = Debug|Any CPU
		{A3AED689-9CC7-4E9D-BB4B-2F9A88083F95}.Release|Any CPU.ActiveCfg = Release|Any CPU
		{A3AED689-9CC7-4E9D-BB4B-2F9A88083F95}.Release|Any CPU.Build.0 = Release|Any CPU
		{8C37BCA5-2C43-4BA1-8794-A0558D20FC01}.Debug|Any CPU.ActiveCfg = Debug|Any CPU
		{8C37BCA5-2C43-4BA1-8794-A0558D20FC01}.Debug|Any CPU.Build.0 = Debug|Any CPU
		{8C37BCA5-2C43-4BA1-8794-A0558D20FC01}.Release|Any CPU.ActiveCfg = Release|Any CPU
		{8C37BCA5-2C43-4BA1-8794-A0558D20FC01}.Release|Any CPU.Build.0 = Release|Any CPU
		{1401F578-79D4-414F-96FA-FBCE07D773F4}.Debug|Any CPU.ActiveCfg = Debug|Any CPU
		{1401F578-79D4-414F-96FA-FBCE07D773F4}.Debug|Any CPU.Build.0 = Debug|Any CPU
		{1401F578-79D4-414F-96FA-FBCE07D773F4}.Release|Any CPU.ActiveCfg = Release|Any CPU
		{1401F578-79D4-414F-96FA-FBCE07D773F4}.Release|Any CPU.Build.0 = Release|Any CPU
		{1ECC79E5-FFE7-4E1C-9C4C-4C5E5909241B}.Debug|Any CPU.ActiveCfg = Debug|Any CPU
		{1ECC79E5-FFE7-4E1C-9C4C-4C5E5909241B}.Debug|Any CPU.Build.0 = Debug|Any CPU
		{1ECC79E5-FFE7-4E1C-9C4C-4C5E5909241B}.Release|Any CPU.ActiveCfg = Release|Any CPU
		{1ECC79E5-FFE7-4E1C-9C4C-4C5E5909241B}.Release|Any CPU.Build.0 = Release|Any CPU
		{C32A2F21-AA0D-46C1-BDB7-3D972201CC9D}.Debug|Any CPU.ActiveCfg = Debug|Any CPU
		{C32A2F21-AA0D-46C1-BDB7-3D972201CC9D}.Debug|Any CPU.Build.0 = Debug|Any CPU
		{C32A2F21-AA0D-46C1-BDB7-3D972201CC9D}.Release|Any CPU.ActiveCfg = Release|Any CPU
		{C32A2F21-AA0D-46C1-BDB7-3D972201CC9D}.Release|Any CPU.Build.0 = Release|Any CPU
		{B1F6329C-39E4-4579-913B-F93063E51FBB}.Debug|Any CPU.ActiveCfg = Debug|Any CPU
		{B1F6329C-39E4-4579-913B-F93063E51FBB}.Debug|Any CPU.Build.0 = Debug|Any CPU
		{B1F6329C-39E4-4579-913B-F93063E51FBB}.Release|Any CPU.ActiveCfg = Release|Any CPU
		{B1F6329C-39E4-4579-913B-F93063E51FBB}.Release|Any CPU.Build.0 = Release|Any CPU
	EndGlobalSection
	GlobalSection(SolutionProperties) = preSolution
		HideSolutionNode = FALSE
	EndGlobalSection
	GlobalSection(NestedProjects) = preSolution
		{E316607A-12B8-4C6E-84BE-62F47642CE44} = {34EC55DF-62B5-425B-BC3A-2098E39FA424}
		{7AFA76E3-301B-44AB-9ED4-4E8C2A2043BF} = {DF770A58-D6C2-42A4-923B-CE45FCB5D5C9}
		{1BBDFEDE-19B9-4D30-8924-F15636227C60} = {DF770A58-D6C2-42A4-923B-CE45FCB5D5C9}
		{14E06027-9D0A-4176-99C6-72BE094CDB26} = {304FEC70-00C3-4C5D-84BD-495A6E219EA0}
		{0E1C3536-2B8C-43A7-89AA-9EB32F698D5E} = {8E9A53DE-296E-4C04-BBAE-C36FEEB983F5}
		{1E9A0190-9640-416E-9800-146D8DFC365A} = {459AD481-D7B6-472E-AC96-ABA3062142E2}
		{304FEC70-00C3-4C5D-84BD-495A6E219EA0} = {0E1C3536-2B8C-43A7-89AA-9EB32F698D5E}
		{B3CBBE15-2A9E-4766-9479-37A66DF7615B} = {304FEC70-00C3-4C5D-84BD-495A6E219EA0}
		{459AD481-D7B6-472E-AC96-ABA3062142E2} = {0E1C3536-2B8C-43A7-89AA-9EB32F698D5E}
		{7ECDEA51-0BBC-429F-8C98-B21E45485ACA} = {304FEC70-00C3-4C5D-84BD-495A6E219EA0}
		{7DA44184-AD4A-4343-BA35-09B8C9949E55} = {34EC55DF-62B5-425B-BC3A-2098E39FA424}
		{269974C7-1D4C-414F-923F-F93695F8CDEC} = {34EC55DF-62B5-425B-BC3A-2098E39FA424}
		{A3AED689-9CC7-4E9D-BB4B-2F9A88083F95} = {34EC55DF-62B5-425B-BC3A-2098E39FA424}
		{22F6D2CF-004F-4BDA-BCC2-3120CF03DB46} = {8E9A53DE-296E-4C04-BBAE-C36FEEB983F5}
		{8C37BCA5-2C43-4BA1-8794-A0558D20FC01} = {22F6D2CF-004F-4BDA-BCC2-3120CF03DB46}
		{1401F578-79D4-414F-96FA-FBCE07D773F4} = {22F6D2CF-004F-4BDA-BCC2-3120CF03DB46}
		{A03D388B-F879-42BC-9181-EAAE0F913C99} = {8E9A53DE-296E-4C04-BBAE-C36FEEB983F5}
		{1ECC79E5-FFE7-4E1C-9C4C-4C5E5909241B} = {A03D388B-F879-42BC-9181-EAAE0F913C99}
		{014AFDAE-B278-4764-8F9A-0B70CC20E13D} = {8E9A53DE-296E-4C04-BBAE-C36FEEB983F5}
		{C32A2F21-AA0D-46C1-BDB7-3D972201CC9D} = {014AFDAE-B278-4764-8F9A-0B70CC20E13D}
		{B1F6329C-39E4-4579-913B-F93063E51FBB} = {014AFDAE-B278-4764-8F9A-0B70CC20E13D}
	EndGlobalSection
	GlobalSection(ExtensibilityGlobals) = postSolution
		SolutionGuid = {F78BE913-453A-4157-B617-4FBF2FA81E7B}
	EndGlobalSection
EndGlobal
